{
  "nodes": {
    "alacritty-head": {
      "inputs": {
        "nixpkgs": "nixpkgs"
      },
      "locked": {
        "dir": "alacritty-head",
        "lastModified": 1679706736,
        "narHash": "sha256-hdvWSqBs3FmrfHiAV1vuz3BwxXPBOxeHEYlTZJQS2H8=",
        "owner": "shnarazk",
        "repo": "flakes",
        "rev": "4a9936855b109f8ba1079226164a5aae8f27f7fa",
        "type": "github"
      },
      "original": {
        "dir": "alacritty-head",
        "owner": "shnarazk",
        "repo": "flakes",
        "type": "github"
      }
    },
    "cargo-instruments": {
      "inputs": {
        "nixpkgs": "nixpkgs_2"
      },
      "locked": {
        "dir": "cargo-instruments",
        "lastModified": 1679706736,
        "narHash": "sha256-hdvWSqBs3FmrfHiAV1vuz3BwxXPBOxeHEYlTZJQS2H8=",
        "owner": "shnarazk",
        "repo": "flakes",
        "rev": "4a9936855b109f8ba1079226164a5aae8f27f7fa",
        "type": "github"
      },
      "original": {
        "dir": "cargo-instruments",
        "owner": "shnarazk",
        "repo": "flakes",
        "type": "github"
      }
    },
    "cbqn": {
      "inputs": {
        "nixpkgs": "nixpkgs_3"
      },
      "locked": {
        "dir": "cbqn",
        "lastModified": 1679706736,
        "narHash": "sha256-hdvWSqBs3FmrfHiAV1vuz3BwxXPBOxeHEYlTZJQS2H8=",
        "owner": "shnarazk",
        "repo": "flakes",
        "rev": "4a9936855b109f8ba1079226164a5aae8f27f7fa",
        "type": "github"
      },
      "original": {
        "dir": "cbqn",
        "owner": "shnarazk",
        "repo": "flakes",
        "type": "github"
      }
    },
    "emacs-head": {
      "inputs": {
        "nixpkgs": "nixpkgs_4"
      },
      "locked": {
        "dir": "emacs-head",
        "lastModified": 1679706736,
        "narHash": "sha256-hdvWSqBs3FmrfHiAV1vuz3BwxXPBOxeHEYlTZJQS2H8=",
        "owner": "shnarazk",
        "repo": "flakes",
        "rev": "4a9936855b109f8ba1079226164a5aae8f27f7fa",
        "type": "github"
      },
      "original": {
        "dir": "emacs-head",
        "owner": "shnarazk",
        "repo": "flakes",
        "type": "github"
      }
    },
    "fukuoka-c19": {
      "inputs": {
        "nixpkgs": "nixpkgs_5"
      },
      "locked": {
        "lastModified": 1677131563,
        "narHash": "sha256-0+V9xAy87itvvML3dOo0G4BM3uGLEXp/kII7PuFB6gE=",
        "owner": "shnarazk",
        "repo": "fukuoka-c19.rs",
        "rev": "ce97001cb0ec96cb9c1702ce5101f9983ac19418",
        "type": "github"
      },
      "original": {
        "owner": "shnarazk",
        "repo": "fukuoka-c19.rs",
        "type": "github"
      }
    },
    "gratchk": {
      "inputs": {
        "nixpkgs": "nixpkgs_6"
      },
      "locked": {
        "dir": "gratchk",
        "lastModified": 1679706736,
        "narHash": "sha256-hdvWSqBs3FmrfHiAV1vuz3BwxXPBOxeHEYlTZJQS2H8=",
        "owner": "shnarazk",
        "repo": "flakes",
        "rev": "4a9936855b109f8ba1079226164a5aae8f27f7fa",
        "type": "github"
      },
      "original": {
        "dir": "gratchk",
        "owner": "shnarazk",
        "repo": "flakes",
        "type": "github"
      }
    },
    "gratgen": {
      "inputs": {
        "nixpkgs": "nixpkgs_7"
      },
      "locked": {
        "dir": "gratgen",
        "lastModified": 1679706736,
        "narHash": "sha256-hdvWSqBs3FmrfHiAV1vuz3BwxXPBOxeHEYlTZJQS2H8=",
        "owner": "shnarazk",
        "repo": "flakes",
        "rev": "4a9936855b109f8ba1079226164a5aae8f27f7fa",
        "type": "github"
      },
      "original": {
        "dir": "gratgen",
        "owner": "shnarazk",
        "repo": "flakes",
        "type": "github"
      }
    },
    "mypython310": {
      "inputs": {
        "nixpkgs": "nixpkgs_8"
      },
      "locked": {
        "dir": "mypython310",
        "lastModified": 1679706736,
        "narHash": "sha256-hdvWSqBs3FmrfHiAV1vuz3BwxXPBOxeHEYlTZJQS2H8=",
        "owner": "shnarazk",
        "repo": "flakes",
        "rev": "4a9936855b109f8ba1079226164a5aae8f27f7fa",
        "type": "github"
      },
      "original": {
        "dir": "mypython310",
        "owner": "shnarazk",
        "repo": "flakes",
        "type": "github"
      }
    },
    "mypython311": {
      "inputs": {
        "nixpkgs": "nixpkgs_9"
      },
      "locked": {
        "dir": "mypython311",
        "lastModified": 1679706736,
        "narHash": "sha256-hdvWSqBs3FmrfHiAV1vuz3BwxXPBOxeHEYlTZJQS2H8=",
        "owner": "shnarazk",
        "repo": "flakes",
        "rev": "4a9936855b109f8ba1079226164a5aae8f27f7fa",
        "type": "github"
      },
      "original": {
        "dir": "mypython311",
        "owner": "shnarazk",
        "repo": "flakes",
        "type": "github"
      }
    },
    "nixpkgs": {
      "locked": {
        "lastModified": 1679705136,
        "narHash": "sha256-MDlZUR7wJ3PlPtqwwoGQr3euNOe0vdSSteVVOef7tBY=",
        "owner": "NixOS",
        "repo": "nixpkgs",
        "rev": "8f40f2f90b9c9032d1b824442cfbbe0dbabd0dbd",
        "type": "github"
      },
      "original": {
        "owner": "NixOS",
        "repo": "nixpkgs",
        "type": "github"
      }
    },
    "nixpkgs_10": {
      "locked": {
        "lastModified": 1675984411,
        "narHash": "sha256-Ma84A8EUmjG+J1iNjT766iILBZTeamcJibYJmjXmpWQ=",
        "owner": "NixOS",
        "repo": "nixpkgs",
        "rev": "841564d9983ba98d21c3f837ce5cdc60253815a6",
        "type": "github"
      },
      "original": {
        "owner": "NixOS",
        "repo": "nixpkgs",
        "type": "github"
      }
    },
    "nixpkgs_11": {
      "locked": {
        "lastModified": 1675076814,
        "narHash": "sha256-/ehSlmU0dGGkpsRAVjn9+le2fPeiqcs2gARb0mHfjkQ=",
        "owner": "NixOS",
        "repo": "nixpkgs",
        "rev": "880161efe12c0b27e41fd1a45bb74a20c2877021",
        "type": "github"
      },
      "original": {
        "owner": "NixOS",
        "repo": "nixpkgs",
        "type": "github"
      }
    },
    "nixpkgs_12": {
      "locked": {
        "lastModified": 1679705136,
        "narHash": "sha256-MDlZUR7wJ3PlPtqwwoGQr3euNOe0vdSSteVVOef7tBY=",
        "owner": "NixOS",
        "repo": "nixpkgs",
        "rev": "8f40f2f90b9c9032d1b824442cfbbe0dbabd0dbd",
        "type": "github"
      },
      "original": {
        "owner": "NixOS",
        "repo": "nixpkgs",
        "type": "github"
      }
    },
    "nixpkgs_2": {
      "locked": {
        "lastModified": 1679705136,
        "narHash": "sha256-MDlZUR7wJ3PlPtqwwoGQr3euNOe0vdSSteVVOef7tBY=",
        "owner": "NixOS",
        "repo": "nixpkgs",
        "rev": "8f40f2f90b9c9032d1b824442cfbbe0dbabd0dbd",
        "type": "github"
      },
      "original": {
        "owner": "NixOS",
        "repo": "nixpkgs",
        "type": "github"
      }
    },
    "nixpkgs_3": {
      "locked": {
        "lastModified": 1679705136,
        "narHash": "sha256-MDlZUR7wJ3PlPtqwwoGQr3euNOe0vdSSteVVOef7tBY=",
        "owner": "NixOS",
        "repo": "nixpkgs",
        "rev": "8f40f2f90b9c9032d1b824442cfbbe0dbabd0dbd",
        "type": "github"
      },
      "original": {
        "owner": "NixOS",
        "repo": "nixpkgs",
        "type": "github"
      }
    },
    "nixpkgs_4": {
      "locked": {
        "lastModified": 1679705136,
        "narHash": "sha256-MDlZUR7wJ3PlPtqwwoGQr3euNOe0vdSSteVVOef7tBY=",
        "owner": "NixOS",
        "repo": "nixpkgs",
        "rev": "8f40f2f90b9c9032d1b824442cfbbe0dbabd0dbd",
        "type": "github"
      },
      "original": {
        "owner": "NixOS",
        "repo": "nixpkgs",
        "type": "github"
      }
    },
    "nixpkgs_5": {
      "locked": {
        "lastModified": 1649435338,
        "narHash": "sha256-sZ2zLP5qw1AjHL5d5lGCSQltKuxYau8pOqxmVDrpeaA=",
        "owner": "NixOS",
        "repo": "nixpkgs",
        "rev": "2796dcfbdf5c38e8bc8c7a50f1032113bb9af7ff",
        "type": "github"
      },
      "original": {
        "owner": "NixOS",
        "repo": "nixpkgs",
        "type": "github"
      }
    },
    "nixpkgs_6": {
      "locked": {
        "lastModified": 1679705136,
        "narHash": "sha256-MDlZUR7wJ3PlPtqwwoGQr3euNOe0vdSSteVVOef7tBY=",
        "owner": "NixOS",
        "repo": "nixpkgs",
        "rev": "8f40f2f90b9c9032d1b824442cfbbe0dbabd0dbd",
        "type": "github"
      },
      "original": {
        "owner": "NixOS",
        "repo": "nixpkgs",
        "type": "github"
      }
    },
    "nixpkgs_7": {
      "locked": {
        "lastModified": 1679705136,
        "narHash": "sha256-MDlZUR7wJ3PlPtqwwoGQr3euNOe0vdSSteVVOef7tBY=",
        "owner": "NixOS",
        "repo": "nixpkgs",
        "rev": "8f40f2f90b9c9032d1b824442cfbbe0dbabd0dbd",
        "type": "github"
      },
      "original": {
        "owner": "NixOS",
        "repo": "nixpkgs",
        "type": "github"
      }
    },
    "nixpkgs_8": {
      "locked": {
        "lastModified": 1679682625,
        "narHash": "sha256-PdlljFx0Da39I8GwCIH23TpW/wwaUrsV9rqUV+kkC5U=",
        "owner": "NixOS",
        "repo": "nixpkgs",
        "rev": "f907ae8aece5eb2f3217e69833f1d67ed2cfa8ce",
        "type": "github"
      },
      "original": {
        "owner": "NixOS",
        "ref": "nixpkgs-22.11-darwin",
        "repo": "nixpkgs",
        "type": "github"
      }
    },
    "nixpkgs_9": {
      "locked": {
        "lastModified": 1679705136,
        "narHash": "sha256-MDlZUR7wJ3PlPtqwwoGQr3euNOe0vdSSteVVOef7tBY=",
        "owner": "NixOS",
        "repo": "nixpkgs",
        "rev": "8f40f2f90b9c9032d1b824442cfbbe0dbabd0dbd",
        "type": "github"
      },
      "original": {
        "owner": "NixOS",
        "repo": "nixpkgs",
        "type": "github"
      }
    },
    "root": {
      "inputs": {
        "alacritty-head": "alacritty-head",
        "cargo-instruments": "cargo-instruments",
        "cbqn": "cbqn",
        "emacs-head": "emacs-head",
        "fukuoka-c19": "fukuoka-c19",
        "gratchk": "gratchk",
        "gratgen": "gratgen",
        "mypython310": "mypython310",
        "mypython311": "mypython311",
        "sat-bench": "sat-bench",
        "splr": "splr",
        "zellij-head": "zellij-head"
      }
    },
    "sat-bench": {
      "inputs": {
        "nixpkgs": "nixpkgs_10"
      },
      "locked": {
        "lastModified": 1679684281,
        "narHash": "sha256-QifJP00TbusGdqPNZEbBdvWvxCIaz4Ktna7wc3OmMWM=",
        "owner": "shnarazk",
        "repo": "SAT-bench",
        "rev": "c38501d87d10beeceb8d5008d745603410441e26",
        "type": "github"
      },
      "original": {
        "owner": "shnarazk",
        "repo": "SAT-bench",
        "type": "github"
      }
    },
    "splr": {
      "inputs": {
        "nixpkgs": "nixpkgs_11"
      },
      "locked": {
        "lastModified": 1675077404,
        "narHash": "sha256-bcvqruvsohTxgpC8SHxzCVa55VSK4okUF/bNOtCM+Tg=",
        "owner": "shnarazk",
        "repo": "splr",
        "rev": "bb53c435447edb218f2d3ce82e1c765505ab1aa6",
        "type": "github"
      },
      "original": {
        "owner": "shnarazk",
        "repo": "splr",
        "type": "github"
      }
    },
    "zellij-head": {
      "inputs": {
        "nixpkgs": "nixpkgs_12"
      },
      "locked": {
        "dir": "zellij-head",
        "lastModified": 1679706736,
        "narHash": "sha256-hdvWSqBs3FmrfHiAV1vuz3BwxXPBOxeHEYlTZJQS2H8=",
        "owner": "shnarazk",
        "repo": "flakes",
        "rev": "4a9936855b109f8ba1079226164a5aae8f27f7fa",
        "type": "github"
      },
      "original": {
        "dir": "zellij-head",
        "owner": "shnarazk",
        "repo": "flakes",
        "type": "github"
      }
    }
  },
  "root": "root",
  "version": 7
}
