{
  "nodes": {
    "alacritty-head": {
      "inputs": {
        "nixpkgs": "nixpkgs"
      },
      "locked": {
        "dir": "alacritty-head",
        "lastModified": 1710215087,
        "narHash": "sha256-pkWU5Z0EsfdZPnVXCiOeZravM4nyp3GqtXgtk8rN57I=",
        "owner": "shnarazk",
        "repo": "flakes",
        "rev": "0b2c8647893a0a3bb53e80a399178f6236943c6d",
        "type": "github"
      },
      "original": {
        "dir": "alacritty-head",
        "owner": "shnarazk",
        "repo": "flakes",
        "type": "github"
      }
    },
    "gratchk": {
      "inputs": {
        "nixpkgs": "nixpkgs_2"
      },
      "locked": {
        "dir": "gratchk",
        "lastModified": 1710215087,
        "narHash": "sha256-pkWU5Z0EsfdZPnVXCiOeZravM4nyp3GqtXgtk8rN57I=",
        "owner": "shnarazk",
        "repo": "flakes",
        "rev": "0b2c8647893a0a3bb53e80a399178f6236943c6d",
        "type": "github"
      },
      "original": {
        "dir": "gratchk",
        "owner": "shnarazk",
        "repo": "flakes",
        "type": "github"
      }
    },
    "gratgen": {
      "inputs": {
        "nixpkgs": "nixpkgs_3"
      },
      "locked": {
        "dir": "gratgen",
        "lastModified": 1710215087,
        "narHash": "sha256-pkWU5Z0EsfdZPnVXCiOeZravM4nyp3GqtXgtk8rN57I=",
        "owner": "shnarazk",
        "repo": "flakes",
        "rev": "0b2c8647893a0a3bb53e80a399178f6236943c6d",
        "type": "github"
      },
      "original": {
        "dir": "gratgen",
        "owner": "shnarazk",
        "repo": "flakes",
        "type": "github"
      }
    },
    "nixpkgs": {
      "locked": {
        "lastModified": 1710214976,
        "narHash": "sha256-hEBaZBfu0+/MhI7/0tZxCdvpOOQ9Hrx8aNPwNraqBs4=",
        "owner": "NixOS",
        "repo": "nixpkgs",
        "rev": "43092bdad4f5dfa7c7c3dab2ef182c8d4465e528",
        "type": "github"
      },
      "original": {
        "owner": "NixOS",
        "repo": "nixpkgs",
        "type": "github"
      }
    },
    "nixpkgs_2": {
      "locked": {
        "lastModified": 1710214976,
        "narHash": "sha256-hEBaZBfu0+/MhI7/0tZxCdvpOOQ9Hrx8aNPwNraqBs4=",
        "owner": "NixOS",
        "repo": "nixpkgs",
        "rev": "43092bdad4f5dfa7c7c3dab2ef182c8d4465e528",
        "type": "github"
      },
      "original": {
        "owner": "NixOS",
        "repo": "nixpkgs",
        "type": "github"
      }
    },
    "nixpkgs_3": {
      "locked": {
        "lastModified": 1710214976,
        "narHash": "sha256-hEBaZBfu0+/MhI7/0tZxCdvpOOQ9Hrx8aNPwNraqBs4=",
        "owner": "NixOS",
        "repo": "nixpkgs",
        "rev": "43092bdad4f5dfa7c7c3dab2ef182c8d4465e528",
        "type": "github"
      },
      "original": {
        "owner": "NixOS",
        "repo": "nixpkgs",
        "type": "github"
      }
    },
    "nixpkgs_4": {
      "locked": {
        "lastModified": 1710214976,
        "narHash": "sha256-hEBaZBfu0+/MhI7/0tZxCdvpOOQ9Hrx8aNPwNraqBs4=",
        "owner": "NixOS",
        "repo": "nixpkgs",
        "rev": "43092bdad4f5dfa7c7c3dab2ef182c8d4465e528",
        "type": "github"
      },
      "original": {
        "owner": "NixOS",
        "repo": "nixpkgs",
        "type": "github"
      }
    },
    "nixpkgs_5": {
      "locked": {
        "lastModified": 1705817320,
        "narHash": "sha256-GYB6vtOzV3/8xwSbV/kIXdmoYrSIm3NOkfPhD5RYZrM=",
        "owner": "NixOS",
        "repo": "nixpkgs",
        "rev": "11e5b67dfcd3c3f333bbd17d4e59ed206667cd06",
        "type": "github"
      },
      "original": {
        "owner": "NixOS",
        "repo": "nixpkgs",
        "type": "github"
      }
    },
    "nixpkgs_6": {
      "locked": {
        "lastModified": 1710053005,
        "narHash": "sha256-LA8yfvfFFUuj0iTxe3gFxgPPfB6Ix7Eq4i56YU1owb8=",
        "owner": "NixOS",
        "repo": "nixpkgs",
        "rev": "32d81c082310d52eb0aaee392847157b2a95eb58",
        "type": "github"
      },
      "original": {
        "owner": "NixOS",
        "repo": "nixpkgs",
        "type": "github"
      }
    },
    "nixpkgs_7": {
      "locked": {
        "lastModified": 1710214976,
        "narHash": "sha256-hEBaZBfu0+/MhI7/0tZxCdvpOOQ9Hrx8aNPwNraqBs4=",
        "owner": "NixOS",
        "repo": "nixpkgs",
        "rev": "43092bdad4f5dfa7c7c3dab2ef182c8d4465e528",
        "type": "github"
      },
      "original": {
        "owner": "NixOS",
        "repo": "nixpkgs",
        "type": "github"
      }
    },
    "root": {
      "inputs": {
        "alacritty-head": "alacritty-head",
        "gratchk": "gratchk",
        "gratgen": "gratgen",
        "rust-parallel": "rust-parallel",
        "sat-bench": "sat-bench",
        "splr": "splr",
        "zellij-head": "zellij-head"
      }
    },
    "rust-parallel": {
      "inputs": {
        "nixpkgs": "nixpkgs_4"
      },
      "locked": {
        "dir": "rust-parallel",
        "lastModified": 1710215087,
        "narHash": "sha256-pkWU5Z0EsfdZPnVXCiOeZravM4nyp3GqtXgtk8rN57I=",
        "owner": "shnarazk",
        "repo": "flakes",
        "rev": "0b2c8647893a0a3bb53e80a399178f6236943c6d",
        "type": "github"
      },
      "original": {
        "dir": "rust-parallel",
        "owner": "shnarazk",
        "repo": "flakes",
        "type": "github"
      }
    },
    "sat-bench": {
      "inputs": {
        "nixpkgs": "nixpkgs_5"
      },
      "locked": {
        "lastModified": 1709762924,
        "narHash": "sha256-LbYMC5+JIksM2tSPlLUDGHU0rDOkU9ggf7qzKIJIr9o=",
        "owner": "shnarazk",
        "repo": "SAT-bench",
        "rev": "d84a04610051635594fa3bd5e791e65ed270e8d2",
        "type": "github"
      },
      "original": {
        "owner": "shnarazk",
        "repo": "SAT-bench",
        "type": "github"
      }
    },
    "splr": {
      "inputs": {
        "nixpkgs": "nixpkgs_6"
      },
      "locked": {
        "lastModified": 1710214943,
        "narHash": "sha256-iNbbQqtJkCy403UqJ7aO4TJv34LQOBvjgdUQyJcrZ2s=",
        "owner": "shnarazk",
        "repo": "splr",
        "rev": "1a0571247641b9c7aa83b1939f51784efa7ea734",
        "type": "github"
      },
      "original": {
        "owner": "shnarazk",
        "ref": "20240312-nix",
        "repo": "splr",
        "type": "github"
      }
    },
    "zellij-head": {
      "inputs": {
        "nixpkgs": "nixpkgs_7"
      },
      "locked": {
        "dir": "zellij-head",
        "lastModified": 1710215087,
        "narHash": "sha256-pkWU5Z0EsfdZPnVXCiOeZravM4nyp3GqtXgtk8rN57I=",
        "owner": "shnarazk",
        "repo": "flakes",
        "rev": "0b2c8647893a0a3bb53e80a399178f6236943c6d",
        "type": "github"
      },
      "original": {
        "dir": "zellij-head",
        "owner": "shnarazk",
        "repo": "flakes",
        "type": "github"
      }
    }
  },
  "root": "root",
  "version": 7
}
