{
  "nodes": {
    "alacritty-head": {
      "inputs": {
        "nixpkgs": "nixpkgs"
      },
      "locked": {
        "dir": "alacritty-head",
        "lastModified": 1673797440,
        "narHash": "sha256-Xg28uS9e/CsKxANjw2k7CRQplM5YT8C7IsHyqDlFo/g=",
        "owner": "shnarazk",
        "repo": "flakes",
        "rev": "bdc9772c381012a63b4263b468a4606fc80bf151",
        "type": "github"
      },
      "original": {
        "dir": "alacritty-head",
        "owner": "shnarazk",
        "repo": "flakes",
        "type": "github"
      }
    },
    "cargo-instruments": {
      "inputs": {
        "nixpkgs": "nixpkgs_2"
      },
      "locked": {
        "dir": "cargo-instruments",
        "lastModified": 1673797440,
        "narHash": "sha256-Xg28uS9e/CsKxANjw2k7CRQplM5YT8C7IsHyqDlFo/g=",
        "owner": "shnarazk",
        "repo": "flakes",
        "rev": "bdc9772c381012a63b4263b468a4606fc80bf151",
        "type": "github"
      },
      "original": {
        "dir": "cargo-instruments",
        "owner": "shnarazk",
        "repo": "flakes",
        "type": "github"
      }
    },
    "cbqn": {
      "inputs": {
        "nixpkgs": "nixpkgs_3"
      },
      "locked": {
        "dir": "cbqn",
        "lastModified": 1673797440,
        "narHash": "sha256-Xg28uS9e/CsKxANjw2k7CRQplM5YT8C7IsHyqDlFo/g=",
        "owner": "shnarazk",
        "repo": "flakes",
        "rev": "bdc9772c381012a63b4263b468a4606fc80bf151",
        "type": "github"
      },
      "original": {
        "dir": "cbqn",
        "owner": "shnarazk",
        "repo": "flakes",
        "type": "github"
      }
    },
    "emacs-head": {
      "inputs": {
        "nixpkgs": "nixpkgs_4"
      },
      "locked": {
        "dir": "emacs-head",
        "lastModified": 1673797440,
        "narHash": "sha256-Xg28uS9e/CsKxANjw2k7CRQplM5YT8C7IsHyqDlFo/g=",
        "owner": "shnarazk",
        "repo": "flakes",
        "rev": "bdc9772c381012a63b4263b468a4606fc80bf151",
        "type": "github"
      },
      "original": {
        "dir": "emacs-head",
        "owner": "shnarazk",
        "repo": "flakes",
        "type": "github"
      }
    },
    "fukuoka-c19": {
      "inputs": {
        "nixpkgs": "nixpkgs_5"
      },
      "locked": {
        "lastModified": 1672940845,
        "narHash": "sha256-ErPi9U6ek83Nww50T8po+Kjwmf9YCwEzLcJPl+NIUuQ=",
        "owner": "shnarazk",
        "repo": "fukuoka-c19.rs",
        "rev": "eef7cddfa5ec8ae5fe3abc8b017b47e086ed9565",
        "type": "github"
      },
      "original": {
        "owner": "shnarazk",
        "repo": "fukuoka-c19.rs",
        "type": "github"
      }
    },
    "gratchk": {
      "inputs": {
        "nixpkgs": "nixpkgs_6"
      },
      "locked": {
        "dir": "gratchk",
        "lastModified": 1673797440,
        "narHash": "sha256-Xg28uS9e/CsKxANjw2k7CRQplM5YT8C7IsHyqDlFo/g=",
        "owner": "shnarazk",
        "repo": "flakes",
        "rev": "bdc9772c381012a63b4263b468a4606fc80bf151",
        "type": "github"
      },
      "original": {
        "dir": "gratchk",
        "owner": "shnarazk",
        "repo": "flakes",
        "type": "github"
      }
    },
    "gratgen": {
      "inputs": {
        "nixpkgs": "nixpkgs_7"
      },
      "locked": {
        "dir": "gratgen",
        "lastModified": 1673797440,
        "narHash": "sha256-Xg28uS9e/CsKxANjw2k7CRQplM5YT8C7IsHyqDlFo/g=",
        "owner": "shnarazk",
        "repo": "flakes",
        "rev": "bdc9772c381012a63b4263b468a4606fc80bf151",
        "type": "github"
      },
      "original": {
        "dir": "gratgen",
        "owner": "shnarazk",
        "repo": "flakes",
        "type": "github"
      }
    },
    "nixpkgs": {
      "locked": {
        "lastModified": 1673823713,
        "narHash": "sha256-kMKG1zsKfZPO+zllV6hNzevqgsmXyM/AlUVaR4TOkwA=",
        "owner": "NixOS",
        "repo": "nixpkgs",
        "rev": "edb0e553959a9ab76e361cb31e07ca51dd14249f",
        "type": "github"
      },
      "original": {
        "owner": "NixOS",
        "repo": "nixpkgs",
        "type": "github"
      }
    },
    "nixpkgs_2": {
      "locked": {
        "lastModified": 1673823713,
        "narHash": "sha256-kMKG1zsKfZPO+zllV6hNzevqgsmXyM/AlUVaR4TOkwA=",
        "owner": "NixOS",
        "repo": "nixpkgs",
        "rev": "edb0e553959a9ab76e361cb31e07ca51dd14249f",
        "type": "github"
      },
      "original": {
        "owner": "NixOS",
        "repo": "nixpkgs",
        "type": "github"
      }
    },
    "nixpkgs_3": {
      "locked": {
        "lastModified": 1673823713,
        "narHash": "sha256-kMKG1zsKfZPO+zllV6hNzevqgsmXyM/AlUVaR4TOkwA=",
        "owner": "NixOS",
        "repo": "nixpkgs",
        "rev": "edb0e553959a9ab76e361cb31e07ca51dd14249f",
        "type": "github"
      },
      "original": {
        "owner": "NixOS",
        "repo": "nixpkgs",
        "type": "github"
      }
    },
    "nixpkgs_4": {
      "locked": {
        "lastModified": 1673823713,
        "narHash": "sha256-kMKG1zsKfZPO+zllV6hNzevqgsmXyM/AlUVaR4TOkwA=",
        "owner": "NixOS",
        "repo": "nixpkgs",
        "rev": "edb0e553959a9ab76e361cb31e07ca51dd14249f",
        "type": "github"
      },
      "original": {
        "owner": "NixOS",
        "repo": "nixpkgs",
        "type": "github"
      }
    },
    "nixpkgs_5": {
      "locked": {
        "lastModified": 1649435338,
        "narHash": "sha256-sZ2zLP5qw1AjHL5d5lGCSQltKuxYau8pOqxmVDrpeaA=",
        "owner": "NixOS",
        "repo": "nixpkgs",
        "rev": "2796dcfbdf5c38e8bc8c7a50f1032113bb9af7ff",
        "type": "github"
      },
      "original": {
        "owner": "NixOS",
        "repo": "nixpkgs",
        "type": "github"
      }
    },
    "nixpkgs_6": {
      "locked": {
        "lastModified": 1673823713,
        "narHash": "sha256-kMKG1zsKfZPO+zllV6hNzevqgsmXyM/AlUVaR4TOkwA=",
        "owner": "NixOS",
        "repo": "nixpkgs",
        "rev": "edb0e553959a9ab76e361cb31e07ca51dd14249f",
        "type": "github"
      },
      "original": {
        "owner": "NixOS",
        "repo": "nixpkgs",
        "type": "github"
      }
    },
    "nixpkgs_7": {
      "locked": {
        "lastModified": 1673823713,
        "narHash": "sha256-kMKG1zsKfZPO+zllV6hNzevqgsmXyM/AlUVaR4TOkwA=",
        "owner": "NixOS",
        "repo": "nixpkgs",
        "rev": "edb0e553959a9ab76e361cb31e07ca51dd14249f",
        "type": "github"
      },
      "original": {
        "owner": "NixOS",
        "repo": "nixpkgs",
        "type": "github"
      }
    },
    "nixpkgs_8": {
      "locked": {
        "lastModified": 1673818987,
        "narHash": "sha256-D9diRBskZIx3YdxX/QUBkxaEpf44npTEAkocS6On5K8=",
        "owner": "NixOS",
        "repo": "nixpkgs",
        "rev": "1cb8b4a401a3dbd952c4aff24441d5afa6d52335",
        "type": "github"
      },
      "original": {
        "owner": "NixOS",
        "repo": "nixpkgs",
        "type": "github"
      }
    },
    "nixpkgs_9": {
      "locked": {
        "lastModified": 1663296956,
        "narHash": "sha256-sDJAPhnilzdrwpM9H/tE69byWIXp7vtM6tgIoIICtqg=",
        "owner": "NixOS",
        "repo": "nixpkgs",
        "rev": "00d83471803a8a308a52fc4b09b6ec41dfb36453",
        "type": "github"
      },
      "original": {
        "owner": "NixOS",
        "repo": "nixpkgs",
        "type": "github"
      }
    },
    "root": {
      "inputs": {
        "alacritty-head": "alacritty-head",
        "cargo-instruments": "cargo-instruments",
        "cbqn": "cbqn",
        "emacs-head": "emacs-head",
        "fukuoka-c19": "fukuoka-c19",
        "gratchk": "gratchk",
        "gratgen": "gratgen",
        "sat-bench": "sat-bench",
        "splr": "splr"
      }
    },
    "sat-bench": {
      "inputs": {
        "nixpkgs": "nixpkgs_8"
      },
      "locked": {
        "lastModified": 1673819284,
        "narHash": "sha256-7ZtqBuLzsq1e3LUnBJgr9eisltrcEDU0NX6iJzkI5sA=",
        "owner": "shnarazk",
        "repo": "SAT-bench",
        "rev": "8c4c4369edf8af1138a1cc2895b76060566e8fc5",
        "type": "github"
      },
      "original": {
        "owner": "shnarazk",
        "repo": "SAT-bench",
        "type": "github"
      }
    },
    "splr": {
      "inputs": {
        "nixpkgs": "nixpkgs_9"
      },
      "locked": {
        "lastModified": 1665442564,
        "narHash": "sha256-C/TT5c1LLmL3JFpEkpbehSOt+KhUsDBYDJSF8kaW704=",
        "owner": "shnarazk",
        "repo": "splr",
        "rev": "bf2f324ab35de432ce2dbd3ced2283c497dd7a70",
        "type": "github"
      },
      "original": {
        "owner": "shnarazk",
        "repo": "splr",
        "type": "github"
      }
    }
  },
  "root": "root",
  "version": 7
}
