{
  "nodes": {
    "nixpkgs": {
      "locked": {
        "lastModified": 1687144063,
        "narHash": "sha256-JQJw8fKARub78yEObon0C+mwkH2JxEN2lJ0lNEpmoIg=",
        "owner": "NixOS",
        "repo": "nixpkgs",
        "rev": "604ee3faec7a26a5bc35cdda4a37b0275f34cdf0",
        "type": "github"
      },
      "original": {
        "owner": "NixOS",
        "repo": "nixpkgs",
        "type": "github"
      }
    },
    "root": {
      "inputs": {
        "nixpkgs": "nixpkgs"
      }
    }
  },
  "root": "root",
  "version": 7
}
