{
  "nodes": {
    "nixpkgs": {
      "locked": {
        "lastModified": 1684189792,
        "narHash": "sha256-rGffrNvxXGSTPulC9vKHnc9rSF93rzz2xhssGHS/rCY=",
        "owner": "NixOS",
        "repo": "nixpkgs",
        "rev": "dc3f6fa3753ed40557586718d8ad9e1b5e2de540",
        "type": "github"
      },
      "original": {
        "owner": "NixOS",
        "repo": "nixpkgs",
        "type": "github"
      }
    },
    "root": {
      "inputs": {
        "nixpkgs": "nixpkgs"
      }
    }
  },
  "root": "root",
  "version": 7
}
