{
  "nodes": {
    "nixpkgs": {
      "locked": {
        "lastModified": 1694910442,
        "narHash": "sha256-5pxVx/hG5rqCXyYVZq9MG+ZD6snmY214HNnKn4UbvTo=",
        "owner": "NixOS",
        "repo": "nixpkgs",
        "rev": "f4b9b0d24847d4c815444d33d774672d67c882f4",
        "type": "github"
      },
      "original": {
        "owner": "NixOS",
        "repo": "nixpkgs",
        "type": "github"
      }
    },
    "root": {
      "inputs": {
        "nixpkgs": "nixpkgs"
      }
    }
  },
  "root": "root",
  "version": 7
}
