{
  "nodes": {
    "nixpkgs": {
      "locked": {
        "lastModified": 1682986313,
        "narHash": "sha256-DOrJJmue8Ay8qO8pJMUxCPCKYaa0LdP7trIqsM84ogE=",
        "owner": "NixOS",
        "repo": "nixpkgs",
        "rev": "95dc6a031b8365744241990d0ff51698c1b536d7",
        "type": "github"
      },
      "original": {
        "owner": "NixOS",
        "repo": "nixpkgs",
        "type": "github"
      }
    },
    "root": {
      "inputs": {
        "nixpkgs": "nixpkgs"
      }
    }
  },
  "root": "root",
  "version": 7
}
