{
  "nodes": {
    "nixpkgs": {
      "locked": {
        "lastModified": 1692802543,
        "narHash": "sha256-dJ9b8A2RUYmU1dFm60U+3b4yEX+fne2lo1TAmHze15s=",
        "owner": "NixOS",
        "repo": "nixpkgs",
        "rev": "bfd85cd46b1707c71e3441a7f64ea90e1a991d23",
        "type": "github"
      },
      "original": {
        "owner": "NixOS",
        "repo": "nixpkgs",
        "type": "github"
      }
    },
    "root": {
      "inputs": {
        "nixpkgs": "nixpkgs"
      }
    }
  },
  "root": "root",
  "version": 7
}
