{
  "nodes": {
    "nixpkgs": {
      "locked": {
        "lastModified": 1687090340,
        "narHash": "sha256-hjJGe8eYj88cDECY4BNI0bDkzz0/GcX19hx0xhAxcfg=",
        "owner": "NixOS",
        "repo": "nixpkgs",
        "rev": "7beaf651c847cd311c9fbd7991c52611db2a4eaa",
        "type": "github"
      },
      "original": {
        "owner": "NixOS",
        "repo": "nixpkgs",
        "type": "github"
      }
    },
    "root": {
      "inputs": {
        "nixpkgs": "nixpkgs"
      }
    }
  },
  "root": "root",
  "version": 7
}
