{
  "nodes": {
    "nixpkgs": {
      "locked": {
        "lastModified": 1693474362,
        "narHash": "sha256-KDQYY9MaIoRctz5xkM+lBlshh8ehqWaj43gVrBshu5M=",
        "owner": "NixOS",
        "repo": "nixpkgs",
        "rev": "944611175a7494d706ddffe01489410e70ee2938",
        "type": "github"
      },
      "original": {
        "owner": "NixOS",
        "repo": "nixpkgs",
        "type": "github"
      }
    },
    "root": {
      "inputs": {
        "nixpkgs": "nixpkgs"
      }
    }
  },
  "root": "root",
  "version": 7
}
