{
  "nodes": {
    "nixpkgs": {
      "locked": {
        "lastModified": 1679196790,
        "narHash": "sha256-OBnPsx4HwDKuqlfE6JqVLlbXnsTDBkMGewYty1Ef/D8=",
        "owner": "NixOS",
        "repo": "nixpkgs",
        "rev": "a811dca0824452789858172a1bdd05b3495dd946",
        "type": "github"
      },
      "original": {
        "owner": "NixOS",
        "repo": "nixpkgs",
        "type": "github"
      }
    },
    "root": {
      "inputs": {
        "nixpkgs": "nixpkgs"
      }
    }
  },
  "root": "root",
  "version": 7
}
