{
  "nodes": {
    "nixpkgs": {
      "locked": {
        "lastModified": 1688254510,
        "narHash": "sha256-vDBkVebOBEGLI2F9qRr3cQXHXN8nCoMKVUuFJEM6ZhU=",
        "owner": "NixOS",
        "repo": "nixpkgs",
        "rev": "885617e288a03500abc46a6762214ae006db7430",
        "type": "github"
      },
      "original": {
        "owner": "NixOS",
        "repo": "nixpkgs",
        "type": "github"
      }
    },
    "root": {
      "inputs": {
        "nixpkgs": "nixpkgs"
      }
    }
  },
  "root": "root",
  "version": 7
}
