{
  "nodes": {
    "nixpkgs": {
      "locked": {
        "lastModified": 1694794664,
        "narHash": "sha256-+xvmbTgCKFI5PipQ/Gp6RzeSQPYBoErb6/sGWbwPriw=",
        "owner": "NixOS",
        "repo": "nixpkgs",
        "rev": "bdc382d331167df7ec767268f07038f776ee2303",
        "type": "github"
      },
      "original": {
        "owner": "NixOS",
        "repo": "nixpkgs",
        "type": "github"
      }
    },
    "root": {
      "inputs": {
        "nixpkgs": "nixpkgs"
      }
    }
  },
  "root": "root",
  "version": 7
}
