{
  "nodes": {
    "nixpkgs": {
      "locked": {
        "lastModified": 1683160281,
        "narHash": "sha256-1RgimPgFNFooQ58DA82CUtybrneZ4Bkkg4CwapApLcs=",
        "owner": "NixOS",
        "repo": "nixpkgs",
        "rev": "974ad83f91e3d1c0ebb6644f62aea82d11987261",
        "type": "github"
      },
      "original": {
        "owner": "NixOS",
        "repo": "nixpkgs",
        "type": "github"
      }
    },
    "root": {
      "inputs": {
        "nixpkgs": "nixpkgs"
      }
    }
  },
  "root": "root",
  "version": 7
}
